
Microsoft Visual Studio Solution File, Format Version 12.00
# Visual Studio Version 17
VisualStudioVersion = 17.6.33723.286
MinimumVisualStudioVersion = 10.0.40219.1
Project("{FAE04EC0-301F-11D3-BF4B-00C04F79EFBC}") = "DapperMVCDemo", "DapperMVCDemo.csproj", "{72E36284-D2CA-44D4-82D3-F26438BAB363}"
EndProject
Project("{FAE04EC0-301F-11D3-BF4B-00C04F79EFBC}") = "DapperMVC.Data", "..\DapperMVC.Data\DapperMVC.Data.csproj", "{69696566-6749-4A40-B58D-C323058945C5}"
EndProject
Global
	GlobalSection(SolutionConfigurationPlatforms) = preSolution
		Debug|Any CPU = Debug|Any CPU
		Release|Any CPU = Release|Any CPU
	EndGlobalSection
	GlobalSection(ProjectConfigurationPlatforms) = postSolution
		{72E36284-D2CA-44D4-82D3-F26438BAB363}.Debug|Any CPU.ActiveCfg = Debug|Any CPU
		{72E36284-D2CA-44D4-82D3-F26438BAB363}.Debug|Any CPU.Build.0 = Debug|Any CPU
		{72E36284-D2CA-44D4-82D3-F26438BAB363}.Release|Any CPU.ActiveCfg = Release|Any CPU
		{72E36284-D2CA-44D4-82D3-F26438BAB363}.Release|Any CPU.Build.0 = Release|Any CPU
		{69696566-6749-4A40-B58D-C323058945C5}.Debug|Any CPU.ActiveCfg = Debug|Any CPU
		{69696566-6749-4A40-B58D-C323058945C5}.Debug|Any CPU.Build.0 = Debug|Any CPU
		{69696566-6749-4A40-B58D-C323058945C5}.Release|Any CPU.ActiveCfg = Release|Any CPU
		{69696566-6749-4A40-B58D-C323058945C5}.Release|Any CPU.Build.0 = Release|Any CPU
	EndGlobalSection
	GlobalSection(SolutionProperties) = preSolution
		HideSolutionNode = FALSE
	EndGlobalSection
	GlobalSection(ExtensibilityGlobals) = postSolution
		SolutionGuid = {2D2C5E04-E2E3-47DE-BB5A-28B43D208AFE}
	EndGlobalSection
EndGlobal
